PODS:
  - dynamic_color (0.0.2):
    - FlutterMacOS
  - flutter_inappwebview_macos (0.0.1):
    - FlutterMacOS
    - OrderedSet (~> 6.0.3)
  - FlutterMacOS (1.0.0)
  - irondash_engine_context (0.0.1):
    - FlutterMacOS
  - open_file_mac (0.0.1):
    - FlutterMacOS
  - OrderedSet (6.0.3)
  - rhttp (0.0.1):
    - FlutterMacOS
  - screen_retriever_macos (0.0.1):
    - FlutterMacOS
  - super_native_extensions (0.0.1):
    - FlutterMacOS

DEPENDENCIES:
  - dynamic_color (from `Flutter/ephemeral/.symlinks/plugins/dynamic_color/macos`)
  - flutter_inappwebview_macos (from `Flutter/ephemeral/.symlinks/plugins/flutter_inappwebview_macos/macos`)
  - FlutterMacOS (from `Flutter/ephemeral`)
  - irondash_engine_context (from `Flutter/ephemeral/.symlinks/plugins/irondash_engine_context/macos`)
  - open_file_mac (from `Flutter/ephemeral/.symlinks/plugins/open_file_mac/macos`)
  - rhttp (from `Flutter/ephemeral/.symlinks/plugins/rhttp/macos`)
  - screen_retriever_macos (from `Flutter/ephemeral/.symlinks/plugins/screen_retriever_macos/macos`)
  - super_native_extensions (from `Flutter/ephemeral/.symlinks/plugins/super_native_extensions/macos`)

SPEC REPOS:
  trunk:
    - OrderedSet

EXTERNAL SOURCES:
  dynamic_color:
    :path: Flutter/ephemeral/.symlinks/plugins/dynamic_color/macos
  flutter_inappwebview_macos:
    :path: Flutter/ephemeral/.symlinks/plugins/flutter_inappwebview_macos/macos
  FlutterMacOS:
    :path: Flutter/ephemeral
  irondash_engine_context:
    :path: Flutter/ephemeral/.symlinks/plugins/irondash_engine_context/macos
  open_file_mac:
    :path: Flutter/ephemeral/.symlinks/plugins/open_file_mac/macos
  rhttp:
    :path: Flutter/ephemeral/.symlinks/plugins/rhttp/macos
  screen_retriever_macos:
    :path: Flutter/ephemeral/.symlinks/plugins/screen_retriever_macos/macos
  super_native_extensions:
    :path: Flutter/ephemeral/.symlinks/plugins/super_native_extensions/macos

SPEC CHECKSUMS:
  dynamic_color: b820c000cc68df65e7ba7ff177cb98404ce56651
  flutter_inappwebview_macos: c2d68649f9f8f1831bfcd98d73fd6256366d9d1d
  FlutterMacOS: d0db08ddef1a9af05a5ec4b724367152bb0500b1
  irondash_engine_context: 893c7d96d20ce361d7e996f39d360c4c2f9869ba
  open_file_mac: 01874b6d6a2c1485ac9b126d7105b99102dea2cf
  OrderedSet: e539b66b644ff081c73a262d24ad552a69be3a94
  rhttp: 08d791d6373089de796318f4cfb172cbcf34e78b
  screen_retriever_macos: 452e51764a9e1cdb74b3c541238795849f21557f
  super_native_extensions: c2795d6d9aedf4a79fae25cb6160b71b50549189

PODFILE CHECKSUM: 9ebaf0ce3d369aaa26a9ea0e159195ed94724cf3

COCOAPODS: 1.16.2
